
Microsoft Visual Studio Solution File, Format Version 12.00
# Visual Studio Version 16
VisualStudioVersion = 16.0.29230.47
MinimumVisualStudioVersion = 10.0.40219.1
Project("{FAE04EC0-301F-11D3-BF4B-00C04F79EFBC}") = "Model", "Model\Model.csproj", "{1F8CFA6C-C6DC-4E5E-B196-A543E1E5DFE8}"
EndProject
Project("{FAE04EC0-301F-11D3-BF4B-00C04F79EFBC}") = "BLL", "BLL\BLL.csproj", "{87F04AE9-27F6-401C-90DB-67D29EF1C15F}"
EndProject
Project("{FAE04EC0-301F-11D3-BF4B-00C04F79EFBC}") = "DAL", "DAL\DAL.csproj", "{097EFF70-3D9A-47F6-B2CE-DC3B5F4C286C}"
EndProject
Global
	GlobalSection(SolutionConfigurationPlatforms) = preSolution
		Debug|Any CPU = Debug|Any CPU
		Release|Any CPU = Release|Any CPU
	EndGlobalSection
	GlobalSection(ProjectConfigurationPlatforms) = postSolution
		{1F8CFA6C-C6DC-4E5E-B196-A543E1E5DFE8}.Debug|Any CPU.ActiveCfg = Debug|Any CPU
		{1F8CFA6C-C6DC-4E5E-B196-A543E1E5DFE8}.Debug|Any CPU.Build.0 = Debug|Any CPU
		{1F8CFA6C-C6DC-4E5E-B196-A543E1E5DFE8}.Release|Any CPU.ActiveCfg = Release|Any CPU
		{1F8CFA6C-C6DC-4E5E-B196-A543E1E5DFE8}.Release|Any CPU.Build.0 = Release|Any CPU
		{87F04AE9-27F6-401C-90DB-67D29EF1C15F}.Debug|Any CPU.ActiveCfg = Debug|Any CPU
		{87F04AE9-27F6-401C-90DB-67D29EF1C15F}.Debug|Any CPU.Build.0 = Debug|Any CPU
		{87F04AE9-27F6-401C-90DB-67D29EF1C15F}.Release|Any CPU.ActiveCfg = Release|Any CPU
		{87F04AE9-27F6-401C-90DB-67D29EF1C15F}.Release|Any CPU.Build.0 = Release|Any CPU
		{097EFF70-3D9A-47F6-B2CE-DC3B5F4C286C}.Debug|Any CPU.ActiveCfg = Debug|Any CPU
		{097EFF70-3D9A-47F6-B2CE-DC3B5F4C286C}.Debug|Any CPU.Build.0 = Debug|Any CPU
		{097EFF70-3D9A-47F6-B2CE-DC3B5F4C286C}.Release|Any CPU.ActiveCfg = Release|Any CPU
		{097EFF70-3D9A-47F6-B2CE-DC3B5F4C286C}.Release|Any CPU.Build.0 = Release|Any CPU
	EndGlobalSection
	GlobalSection(SolutionProperties) = preSolution
		HideSolutionNode = FALSE
	EndGlobalSection
	GlobalSection(ExtensibilityGlobals) = postSolution
		SolutionGuid = {CE88215B-C01C-47DC-BF98-46ACF61AAA98}
	EndGlobalSection
EndGlobal
